
Microsoft Visual Studio Solution File, Format Version 12.00
# Visual Studio Version 16
VisualStudioVersion = 16.0.30011.22
MinimumVisualStudioVersion = 10.0.40219.1
Project("{FAE04EC0-301F-11D3-BF4B-00C04F79EFBC}") = "ysoft", "ysoft\ysoft.csproj", "{4D779982-6FB1-4F56-8B4A-AB7970792C1D}"
EndProject
Global
	GlobalSection(SolutionConfigurationPlatforms) = preSolution
		Debug|Any CPU = Debug|Any CPU
		Release|Any CPU = Release|Any CPU
	EndGlobalSection
	GlobalSection(ProjectConfigurationPlatforms) = postSolution
		{4D779982-6FB1-4F56-8B4A-AB7970792C1D}.Debug|Any CPU.ActiveCfg = Debug|Any CPU
		{4D779982-6FB1-4F56-8B4A-AB7970792C1D}.Debug|Any CPU.Build.0 = Debug|Any CPU
		{4D779982-6FB1-4F56-8B4A-AB7970792C1D}.Release|Any CPU.ActiveCfg = Release|Any CPU
		{4D779982-6FB1-4F56-8B4A-AB7970792C1D}.Release|Any CPU.Build.0 = Release|Any CPU
	EndGlobalSection
	GlobalSection(SolutionProperties) = preSolution
		HideSolutionNode = FALSE
	EndGlobalSection
	GlobalSection(ExtensibilityGlobals) = postSolution
		SolutionGuid = {4A08437D-4A9E-4B32-8FB7-BD2D7B779BCB}
	EndGlobalSection
EndGlobal
